
Microsoft Visual Studio Solution File, Format Version 12.00
# Visual Studio Version 17
VisualStudioVersion = 17.0.31903.59
MinimumVisualStudioVersion = 10.0.40219.1
Project("{2150E333-8FDC-42A3-9474-1A3956D46DE8}") = "src", "src", "{AE5C7A88-AC4C-4608-AAC8-3C05D217EBE3}"
EndProject
Project("{FAE04EC0-301F-11D3-BF4B-00C04F79EFBC}") = "Terminal.Calculator", "src\Terminal.Calculator\Terminal.Calculator.csproj", "{38763212-1793-470A-9583-34BC3A50F2DB}"
EndProject
Project("{2150E333-8FDC-42A3-9474-1A3956D46DE8}") = "tests", "tests", "{6BFE04C9-E361-4B8D-9EC5-1F10145042FC}"
EndProject
Project("{FAE04EC0-301F-11D3-BF4B-00C04F79EFBC}") = "Terminal.Calculator.UnitTests", "tests\Terminal.Calculator.UnitTests\Terminal.Calculator.UnitTests.csproj", "{F114D0CC-7B1B-45C3-9B35-EA7A8276CBB8}"
EndProject
Global
	GlobalSection(SolutionConfigurationPlatforms) = preSolution
		Debug|Any CPU = Debug|Any CPU
		Release|Any CPU = Release|Any CPU
	EndGlobalSection
	GlobalSection(SolutionProperties) = preSolution
		HideSolutionNode = FALSE
	EndGlobalSection
	GlobalSection(ProjectConfigurationPlatforms) = postSolution
		{38763212-1793-470A-9583-34BC3A50F2DB}.Debug|Any CPU.ActiveCfg = Debug|Any CPU
		{38763212-1793-470A-9583-34BC3A50F2DB}.Debug|Any CPU.Build.0 = Debug|Any CPU
		{38763212-1793-470A-9583-34BC3A50F2DB}.Release|Any CPU.ActiveCfg = Release|Any CPU
		{38763212-1793-470A-9583-34BC3A50F2DB}.Release|Any CPU.Build.0 = Release|Any CPU
		{F114D0CC-7B1B-45C3-9B35-EA7A8276CBB8}.Debug|Any CPU.ActiveCfg = Debug|Any CPU
		{F114D0CC-7B1B-45C3-9B35-EA7A8276CBB8}.Debug|Any CPU.Build.0 = Debug|Any CPU
		{F114D0CC-7B1B-45C3-9B35-EA7A8276CBB8}.Release|Any CPU.ActiveCfg = Release|Any CPU
		{F114D0CC-7B1B-45C3-9B35-EA7A8276CBB8}.Release|Any CPU.Build.0 = Release|Any CPU
	EndGlobalSection
	GlobalSection(NestedProjects) = preSolution
		{38763212-1793-470A-9583-34BC3A50F2DB} = {AE5C7A88-AC4C-4608-AAC8-3C05D217EBE3}
		{F114D0CC-7B1B-45C3-9B35-EA7A8276CBB8} = {6BFE04C9-E361-4B8D-9EC5-1F10145042FC}
	EndGlobalSection
EndGlobal
